// !$*UTF8*$!
{
	archiveVersion = 1;
	classes = {};
	objectVersion = 56;
	objects = {
		C7BE0FF57E1022F302432120 = { isa = PBXFileReference; lastKnownFileType = sourcecode.swift; path = "SpatialPointer/App.swift"; sourceTree = SOURCE_ROOT; };
		A513A238759C6F8DEB856B17 = { isa = PBXBuildFile; fileRef = C7BE0FF57E1022F302432120; };
		EF62F91078C7B3BC634308EC = { isa = PBXFileReference; lastKnownFileType = sourcecode.swift; path = "SpatialPointer/ContentView.swift"; sourceTree = SOURCE_ROOT; };
		ED4F9C5ADAB8672909C4622F = { isa = PBXBuildFile; fileRef = EF62F91078C7B3BC634308EC; };
		3C2725DAEBBA5169A4126123 = { isa = PBXFileReference; lastKnownFileType = sourcecode.swift; path = "SpatialPointer/Controller.swift"; sourceTree = SOURCE_ROOT; };
		94FB023C4EDE5DDF8C5A8632 = { isa = PBXBuildFile; fileRef = 3C2725DAEBBA5169A4126123; };
		94EB0D54DC9202D265B9D3F9 = { isa = PBXFileReference; lastKnownFileType = sourcecode.swift; path = "SpatialPointer/HoldControl.swift"; sourceTree = SOURCE_ROOT; };
		B9371BECC95A3A155D5F4311 = { isa = PBXBuildFile; fileRef = 94EB0D54DC9202D265B9D3F9; };
		88854F251E3257F6CB2ED532 = { isa = PBXFileReference; lastKnownFileType = sourcecode.swift; path = "SpatialPointer/UDPTransport.swift"; sourceTree = SOURCE_ROOT; };
		4DB78F143E76895E21BBBC23 = { isa = PBXBuildFile; fileRef = 88854F251E3257F6CB2ED532; };
		8D1D370FEC459EE43CF5533E = { isa = PBXFileReference; lastKnownFileType = sourcecode.swift; path = "SpatialPointerCore/Sources/SpatialPointerCore/Protocol.swift"; sourceTree = SOURCE_ROOT; };
		B3B98C7A095BAFC13894F04B = { isa = PBXBuildFile; fileRef = 8D1D370FEC459EE43CF5533E; };
		18259B5A3EAAE18BEFA9DFED = { isa = PBXFileReference; lastKnownFileType = sourcecode.swift; path = "SpatialPointerCore/Sources/SpatialPointerCore/SenderState.swift"; sourceTree = SOURCE_ROOT; };
		9461C1F9A0E2EE32250CBB37 = { isa = PBXBuildFile; fileRef = 18259B5A3EAAE18BEFA9DFED; };
		AA7CFD45E4C10FDD448D9488 = { isa = PBXFileReference; lastKnownFileType = folder.assetcatalog; path = "SpatialPointer/Assets.xcassets"; sourceTree = SOURCE_ROOT; };
		E5F76C5204E9F9F2C466355F = { isa = PBXBuildFile; fileRef = AA7CFD45E4C10FDD448D9488; };
		F0B1F7341583E375010C888D = { isa = PBXFileReference; lastKnownFileType = text.xml; path = "SpatialPointer/PrivacyInfo.xcprivacy"; sourceTree = SOURCE_ROOT; };
		9CF78E595E82666B09FC0918 = { isa = PBXBuildFile; fileRef = F0B1F7341583E375010C888D; };
		44587BAB349D84507B19CB00 = { isa = PBXFileReference; lastKnownFileType = text.xml; path = "SpatialPointer/Info.plist"; sourceTree = SOURCE_ROOT; };
		BCE16DD0260827ECF338C787 = { isa = PBXSourcesBuildPhase; buildActionMask = 2147483647; files = (A513A238759C6F8DEB856B17, ED4F9C5ADAB8672909C4622F, 94FB023C4EDE5DDF8C5A8632, B9371BECC95A3A155D5F4311, 4DB78F143E76895E21BBBC23, B3B98C7A095BAFC13894F04B, 9461C1F9A0E2EE32250CBB37,); runOnlyForDeploymentPostprocessing = 0; };
		0189424A5A60FED329FA868E = { isa = PBXResourcesBuildPhase; buildActionMask = 2147483647; files = (E5F76C5204E9F9F2C466355F, 9CF78E595E82666B09FC0918,); runOnlyForDeploymentPostprocessing = 0; };
		7561BFB015D8F536760CB671 = { isa = PBXFrameworksBuildPhase; buildActionMask = 2147483647; files = (); runOnlyForDeploymentPostprocessing = 0; };
		38A007151ABE87CC01A5B6E9 = { isa = PBXFileReference; explicitFileType = wrapper.application; includeInIndex = 0; path = SpatialPointer.app; sourceTree = BUILT_PRODUCTS_DIR; };
		FBDC4F23F93125BBEEAE800C = { isa = PBXGroup; children = (38A007151ABE87CC01A5B6E9,); name = Products; sourceTree = "<group>"; };
		B28B7AF69320201D1CF206EB = { isa = PBXGroup; children = (C7BE0FF57E1022F302432120, EF62F91078C7B3BC634308EC, 3C2725DAEBBA5169A4126123, 94EB0D54DC9202D265B9D3F9, 88854F251E3257F6CB2ED532, 8D1D370FEC459EE43CF5533E, 18259B5A3EAAE18BEFA9DFED, AA7CFD45E4C10FDD448D9488, F0B1F7341583E375010C888D, 44587BAB349D84507B19CB00, FBDC4F23F93125BBEEAE800C,); sourceTree = "<group>"; };
		0E8A3AD980EC179856012B7E = { isa = PBXNativeTarget; buildConfigurationList = 976B52545947CA66FD9EF2A4; buildPhases = (BCE16DD0260827ECF338C787, 7561BFB015D8F536760CB671, 0189424A5A60FED329FA868E,); buildRules = (); dependencies = (); name = SpatialPointer; productName = SpatialPointer; productReference = 38A007151ABE87CC01A5B6E9; productType = "com.apple.product-type.application"; };
		98F54143AB4E86B28C3AFEE0 = { isa = PBXProject; attributes = { BuildIndependentTargetsInParallel = YES; LastUpgradeCheck = 1600; TargetAttributes = { 0E8A3AD980EC179856012B7E = { CreatedOnToolsVersion = 16.0; }; }; }; buildConfigurationList = 640DC9EFD529235A8D9E2727; compatibilityVersion = "Xcode 14.0"; developmentRegion = ja; hasScannedForEncodings = 0; knownRegions = (ja, en, Base); mainGroup = B28B7AF69320201D1CF206EB; productRefGroup = FBDC4F23F93125BBEEAE800C; projectDirPath = ""; projectRoot = ""; targets = (0E8A3AD980EC179856012B7E,); };
		ED8772ADEC3A6C25161BC957 = { isa = XCBuildConfiguration; buildSettings = { CLANG_ENABLE_MODULES = "YES"; CLANG_ENABLE_OBJC_ARC = "YES"; IPHONEOS_DEPLOYMENT_TARGET = "16.0"; SDKROOT = "iphoneos"; SWIFT_VERSION = "5.0"; ENABLE_USER_SCRIPT_SANDBOXING = "YES"; DEBUG_INFORMATION_FORMAT = "dwarf"; }; name = Debug; };
		4D8F54E7CBAF670D9F6C230D = { isa = XCBuildConfiguration; buildSettings = { ASSETCATALOG_COMPILER_APPICON_NAME = "AppIcon"; CODE_SIGN_STYLE = "Automatic"; CURRENT_PROJECT_VERSION = "2"; GENERATE_INFOPLIST_FILE = "NO"; INFOPLIST_FILE = "SpatialPointer/Info.plist"; MARKETING_VERSION = "0.2.1"; PRODUCT_BUNDLE_IDENTIFIER = "dev.yurashu2.spatialpointer"; PRODUCT_NAME = "$(TARGET_NAME)"; TARGETED_DEVICE_FAMILY = "1"; SUPPORTED_PLATFORMS = "iphoneos iphonesimulator"; SUPPORTS_MACCATALYST = "NO"; SUPPORTS_MAC_DESIGNED_FOR_IPHONE_IPAD = "NO"; SWIFT_OPTIMIZATION_LEVEL = "-Onone"; LD_RUNPATH_SEARCH_PATHS = "$(inherited) @executable_path/Frameworks"; }; name = Debug; };
		00F209874A1F7309F6DCEAA7 = { isa = XCBuildConfiguration; buildSettings = { CLANG_ENABLE_MODULES = "YES"; CLANG_ENABLE_OBJC_ARC = "YES"; IPHONEOS_DEPLOYMENT_TARGET = "16.0"; SDKROOT = "iphoneos"; SWIFT_VERSION = "5.0"; ENABLE_USER_SCRIPT_SANDBOXING = "YES"; DEBUG_INFORMATION_FORMAT = "dwarf-with-dsym"; }; name = Release; };
		1A6EFC2CD0AF63DD14BE0438 = { isa = XCBuildConfiguration; buildSettings = { ASSETCATALOG_COMPILER_APPICON_NAME = "AppIcon"; CODE_SIGN_STYLE = "Automatic"; CURRENT_PROJECT_VERSION = "2"; GENERATE_INFOPLIST_FILE = "NO"; INFOPLIST_FILE = "SpatialPointer/Info.plist"; MARKETING_VERSION = "0.2.1"; PRODUCT_BUNDLE_IDENTIFIER = "dev.yurashu2.spatialpointer"; PRODUCT_NAME = "$(TARGET_NAME)"; TARGETED_DEVICE_FAMILY = "1"; SUPPORTED_PLATFORMS = "iphoneos iphonesimulator"; SUPPORTS_MACCATALYST = "NO"; SUPPORTS_MAC_DESIGNED_FOR_IPHONE_IPAD = "NO"; SWIFT_OPTIMIZATION_LEVEL = "-O"; LD_RUNPATH_SEARCH_PATHS = "$(inherited) @executable_path/Frameworks"; }; name = Release; };
		640DC9EFD529235A8D9E2727 = { isa = XCConfigurationList; buildConfigurations = (ED8772ADEC3A6C25161BC957, 00F209874A1F7309F6DCEAA7,); defaultConfigurationIsVisible = 0; defaultConfigurationName = Release; };
		976B52545947CA66FD9EF2A4 = { isa = XCConfigurationList; buildConfigurations = (4D8F54E7CBAF670D9F6C230D, 1A6EFC2CD0AF63DD14BE0438,); defaultConfigurationIsVisible = 0; defaultConfigurationName = Release; };
	};
	rootObject = 98F54143AB4E86B28C3AFEE0;
}
